
Microsoft Visual Studio Solution File, Format Version 12.00
# Visual Studio Version 17
VisualStudioVersion = 17.11.35327.3
MinimumVisualStudioVersion = 10.0.40219.1
Project("{FAE04EC0-301F-11D3-BF4B-00C04F79EFBC}") = "Demo2", "Demo2\Demo2.csproj", "{4D7C522C-2DEA-45B6-BB8B-1F11CA03A01D}"
EndProject
Global
	GlobalSection(SolutionConfigurationPlatforms) = preSolution
		Debug|Any CPU = Debug|Any CPU
		Release|Any CPU = Release|Any CPU
	EndGlobalSection
	GlobalSection(ProjectConfigurationPlatforms) = postSolution
		{4D7C522C-2DEA-45B6-BB8B-1F11CA03A01D}.Debug|Any CPU.ActiveCfg = Debug|Any CPU
		{4D7C522C-2DEA-45B6-BB8B-1F11CA03A01D}.Debug|Any CPU.Build.0 = Debug|Any CPU
		{4D7C522C-2DEA-45B6-BB8B-1F11CA03A01D}.Release|Any CPU.ActiveCfg = Release|Any CPU
		{4D7C522C-2DEA-45B6-BB8B-1F11CA03A01D}.Release|Any CPU.Build.0 = Release|Any CPU
	EndGlobalSection
	GlobalSection(SolutionProperties) = preSolution
		HideSolutionNode = FALSE
	EndGlobalSection
	GlobalSection(ExtensibilityGlobals) = postSolution
		SolutionGuid = {08BE0759-CD2C-4AE0-8768-190875C2A7A8}
	EndGlobalSection
EndGlobal
